
Microsoft Visual Studio Solution File, Format Version 12.00
# Visual Studio Version 17
VisualStudioVersion = 17.4.33213.308
MinimumVisualStudioVersion = 10.0.40219.1
Project("{FAE04EC0-301F-11D3-BF4B-00C04F79EFBC}") = "MindigFenyesDB", "MindigFenyesDB\MindigFenyesDB.csproj", "{FC0F8676-8C78-48AD-A3F0-D300D80385C9}"
EndProject
Project("{FAE04EC0-301F-11D3-BF4B-00C04F79EFBC}") = "MindigFenyesWebApp", "MindigFenyesWebApp\MindigFenyesWebApp.csproj", "{1D694EEC-CFEC-4C22-8A34-9D49C5A15C05}"
EndProject
Global
	GlobalSection(SolutionConfigurationPlatforms) = preSolution
		Debug|Any CPU = Debug|Any CPU
		Release|Any CPU = Release|Any CPU
	EndGlobalSection
	GlobalSection(ProjectConfigurationPlatforms) = postSolution
		{FC0F8676-8C78-48AD-A3F0-D300D80385C9}.Debug|Any CPU.ActiveCfg = Debug|Any CPU
		{FC0F8676-8C78-48AD-A3F0-D300D80385C9}.Debug|Any CPU.Build.0 = Debug|Any CPU
		{FC0F8676-8C78-48AD-A3F0-D300D80385C9}.Release|Any CPU.ActiveCfg = Release|Any CPU
		{FC0F8676-8C78-48AD-A3F0-D300D80385C9}.Release|Any CPU.Build.0 = Release|Any CPU
		{1D694EEC-CFEC-4C22-8A34-9D49C5A15C05}.Debug|Any CPU.ActiveCfg = Debug|Any CPU
		{1D694EEC-CFEC-4C22-8A34-9D49C5A15C05}.Debug|Any CPU.Build.0 = Debug|Any CPU
		{1D694EEC-CFEC-4C22-8A34-9D49C5A15C05}.Release|Any CPU.ActiveCfg = Release|Any CPU
		{1D694EEC-CFEC-4C22-8A34-9D49C5A15C05}.Release|Any CPU.Build.0 = Release|Any CPU
	EndGlobalSection
	GlobalSection(SolutionProperties) = preSolution
		HideSolutionNode = FALSE
	EndGlobalSection
	GlobalSection(ExtensibilityGlobals) = postSolution
		SolutionGuid = {B6883DCD-43D8-4F13-A047-891A33E2B482}
	EndGlobalSection
EndGlobal
